Microsoft Visual Studio Solution File, Format Version 12.00
# Visual Studio Version 17
VisualStudioVersion = 17.5.2.0
MinimumVisualStudioVersion = 10.0.40219.1
Project("{FAE04EC0-301F-11D3-BF4B-00C04F79EFBC}") = "MyRazorApp1", "MyRazorApp1.csproj", "{C527059E-B5AC-986F-4351-D120FB3A9918}"
EndProject
Global
	GlobalSection(SolutionConfigurationPlatforms) = preSolution
		Debug|Any CPU = Debug|Any CPU
		Release|Any CPU = Release|Any CPU
	EndGlobalSection
	GlobalSection(ProjectConfigurationPlatforms) = postSolution
		{C527059E-B5AC-986F-4351-D120FB3A9918}.Debug|Any CPU.ActiveCfg = Debug|Any CPU
		{C527059E-B5AC-986F-4351-D120FB3A9918}.Debug|Any CPU.Build.0 = Debug|Any CPU
		{C527059E-B5AC-986F-4351-D120FB3A9918}.Release|Any CPU.ActiveCfg = Release|Any CPU
		{C527059E-B5AC-986F-4351-D120FB3A9918}.Release|Any CPU.Build.0 = Release|Any CPU
	EndGlobalSection
	GlobalSection(SolutionProperties) = preSolution
		HideSolutionNode = FALSE
	EndGlobalSection
	GlobalSection(ExtensibilityGlobals) = postSolution
		SolutionGuid = {E08CD5CF-7D71-46ED-ABF1-C0FDA9B6EA43}
	EndGlobalSection
EndGlobal
